PODS:
  - Alamofire (3.2.1)
  - AlienKit (0.1.0):
    - Alamofire (~> 3.0)
    - p2.OAuth2
    - SwiftyJSON (~> 2.3)
  - p2.OAuth2 (2.2.3):
    - SwiftKeychain (~> 1.0)
  - SwiftKeychain (1.0.0)
  - SwiftyJSON (2.3.2)

DEPENDENCIES:
  - AlienKit (from `../`)

EXTERNAL SOURCES:
  AlienKit:
    :path: "../"

SPEC CHECKSUMS:
  Alamofire: f11d8624a05f5d39e0c99309b3e600a3ba64298a
  AlienKit: 1b947193b9262c896998b32503fd847a583694f3
  p2.OAuth2: 8b913d01969fa54cc5db4654420191fbf3f927ab
  SwiftKeychain: fd9ad69f7b3ff7a0c7ba579da508bbaa89a395b2
  SwiftyJSON: 04ccea08915aa0109039157c7974cf0298da292a

COCOAPODS: 0.39.0
